
Microsoft Visual Studio Solution File, Format Version 12.00
# Visual Studio Version 17
VisualStudioVersion = 17.10.35201.131
MinimumVisualStudioVersion = 10.0.40219.1
Project("{FAE04EC0-301F-11D3-BF4B-00C04F79EFBC}") = "GymCRM.MembershipAPI", "GymCRM.MembershipAPI\GymCRM.MembershipAPI.csproj", "{284F8697-1677-4FAF-BC37-19B4D8451D37}"
EndProject
Project("{FAE04EC0-301F-11D3-BF4B-00C04F79EFBC}") = "GymCRM.WorkoutAPI", "GymCRM.WorkoutAPI\GymCRM.WorkoutAPI.csproj", "{A3E3E46E-BA2E-4E50-981A-4E33941B3A22}"
EndProject
Project("{FAE04EC0-301F-11D3-BF4B-00C04F79EFBC}") = "GymCRM.SchedulingAPI", "GymCRM.SchedulingAPI\GymCRM.SchedulingAPI.csproj", "{BB1CA203-F0DF-4AB9-A84A-C7C9EB3566A6}"
EndProject
Project("{FAE04EC0-301F-11D3-BF4B-00C04F79EFBC}") = "GymCRM.BillingAPI", "GymCRM.BillingAPI\GymCRM.BillingAPI.csproj", "{C71B7DF3-3E8D-490B-9ADD-C1F4E9BAE990}"
EndProject
Project("{FAE04EC0-301F-11D3-BF4B-00C04F79EFBC}") = "GymCRM.MessagingAPI", "GymCRM.MessagingAPI\GymCRM.MessagingAPI.csproj", "{FBEAE982-5565-490E-9413-CCB691362073}"
EndProject
Project("{FAE04EC0-301F-11D3-BF4B-00C04F79EFBC}") = "GymCRM.NotificationsAPI", "GymCRM.NotificationsAPI\GymCRM.NotificationsAPI.csproj", "{0249A8E7-575B-404E-AAEB-B34A9D28E498}"
EndProject
Global
	GlobalSection(SolutionConfigurationPlatforms) = preSolution
		Debug|Any CPU = Debug|Any CPU
		Release|Any CPU = Release|Any CPU
	EndGlobalSection
	GlobalSection(ProjectConfigurationPlatforms) = postSolution
		{284F8697-1677-4FAF-BC37-19B4D8451D37}.Debug|Any CPU.ActiveCfg = Debug|Any CPU
		{284F8697-1677-4FAF-BC37-19B4D8451D37}.Debug|Any CPU.Build.0 = Debug|Any CPU
		{284F8697-1677-4FAF-BC37-19B4D8451D37}.Release|Any CPU.ActiveCfg = Release|Any CPU
		{284F8697-1677-4FAF-BC37-19B4D8451D37}.Release|Any CPU.Build.0 = Release|Any CPU
		{A3E3E46E-BA2E-4E50-981A-4E33941B3A22}.Debug|Any CPU.ActiveCfg = Debug|Any CPU
		{A3E3E46E-BA2E-4E50-981A-4E33941B3A22}.Debug|Any CPU.Build.0 = Debug|Any CPU
		{A3E3E46E-BA2E-4E50-981A-4E33941B3A22}.Release|Any CPU.ActiveCfg = Release|Any CPU
		{A3E3E46E-BA2E-4E50-981A-4E33941B3A22}.Release|Any CPU.Build.0 = Release|Any CPU
		{BB1CA203-F0DF-4AB9-A84A-C7C9EB3566A6}.Debug|Any CPU.ActiveCfg = Debug|Any CPU
		{BB1CA203-F0DF-4AB9-A84A-C7C9EB3566A6}.Debug|Any CPU.Build.0 = Debug|Any CPU
		{BB1CA203-F0DF-4AB9-A84A-C7C9EB3566A6}.Release|Any CPU.ActiveCfg = Release|Any CPU
		{BB1CA203-F0DF-4AB9-A84A-C7C9EB3566A6}.Release|Any CPU.Build.0 = Release|Any CPU
		{C71B7DF3-3E8D-490B-9ADD-C1F4E9BAE990}.Debug|Any CPU.ActiveCfg = Debug|Any CPU
		{C71B7DF3-3E8D-490B-9ADD-C1F4E9BAE990}.Debug|Any CPU.Build.0 = Debug|Any CPU
		{C71B7DF3-3E8D-490B-9ADD-C1F4E9BAE990}.Release|Any CPU.ActiveCfg = Release|Any CPU
		{C71B7DF3-3E8D-490B-9ADD-C1F4E9BAE990}.Release|Any CPU.Build.0 = Release|Any CPU
		{FBEAE982-5565-490E-9413-CCB691362073}.Debug|Any CPU.ActiveCfg = Debug|Any CPU
		{FBEAE982-5565-490E-9413-CCB691362073}.Debug|Any CPU.Build.0 = Debug|Any CPU
		{FBEAE982-5565-490E-9413-CCB691362073}.Release|Any CPU.ActiveCfg = Release|Any CPU
		{FBEAE982-5565-490E-9413-CCB691362073}.Release|Any CPU.Build.0 = Release|Any CPU
		{0249A8E7-575B-404E-AAEB-B34A9D28E498}.Debug|Any CPU.ActiveCfg = Debug|Any CPU
		{0249A8E7-575B-404E-AAEB-B34A9D28E498}.Debug|Any CPU.Build.0 = Debug|Any CPU
		{0249A8E7-575B-404E-AAEB-B34A9D28E498}.Release|Any CPU.ActiveCfg = Release|Any CPU
		{0249A8E7-575B-404E-AAEB-B34A9D28E498}.Release|Any CPU.Build.0 = Release|Any CPU
	EndGlobalSection
	GlobalSection(SolutionProperties) = preSolution
		HideSolutionNode = FALSE
	EndGlobalSection
	GlobalSection(ExtensibilityGlobals) = postSolution
		SolutionGuid = {BF8D2F17-3A28-495B-93DD-C86E243F496E}
	EndGlobalSection
EndGlobal
