
Microsoft Visual Studio Solution File, Format Version 12.00
# Visual Studio Version 17
VisualStudioVersion = 17.10.35201.131
MinimumVisualStudioVersion = 10.0.40219.1
Project("{FAE04EC0-301F-11D3-BF4B-00C04F79EFBC}") = "GymCRM.IdentityAPI", "GymCRM.IdentityAPI\GymCRM.IdentityAPI.csproj", "{284F8697-1677-4FAF-BC37-19B4D8451D37}"
EndProject
Project("{FAE04EC0-301F-11D3-BF4B-00C04F79EFBC}") = "GymCRM.WorkoutAPI", "GymCRM.WorkoutAPI\GymCRM.WorkoutAPI.csproj", "{A3E3E46E-BA2E-4E50-981A-4E33941B3A22}"
EndProject
Project("{FAE04EC0-301F-11D3-BF4B-00C04F79EFBC}") = "GymCRM.SchedulingAPI", "GymCRM.SchedulingAPI\GymCRM.SchedulingAPI.csproj", "{BB1CA203-F0DF-4AB9-A84A-C7C9EB3566A6}"
EndProject
Project("{FAE04EC0-301F-11D3-BF4B-00C04F79EFBC}") = "GymCRM.BillingAPI", "GymCRM.BillingAPI\GymCRM.BillingAPI.csproj", "{C71B7DF3-3E8D-490B-9ADD-C1F4E9BAE990}"
EndProject
Project("{FAE04EC0-301F-11D3-BF4B-00C04F79EFBC}") = "GymCRM.MessagingAPI", "GymCRM.MessagingAPI\GymCRM.MessagingAPI.csproj", "{FBEAE982-5565-490E-9413-CCB691362073}"
EndProject
Project("{FAE04EC0-301F-11D3-BF4B-00C04F79EFBC}") = "GymCRM.NotificationsAPI", "GymCRM.NotificationsAPI\GymCRM.NotificationsAPI.csproj", "{0249A8E7-575B-404E-AAEB-B34A9D28E498}"
EndProject
Project("{2150E333-8FDC-42A3-9474-1A3956D46DE8}") = "Solution Items", "Solution Items", "{02EA681E-C7D8-13C7-8484-4AC65E1B71E8}"
	ProjectSection(SolutionItems) = preProject
		.editorconfig = .editorconfig
		docker-compose.yaml = docker-compose.yaml
	EndProjectSection
EndProject
Project("{2150E333-8FDC-42A3-9474-1A3956D46DE8}") = "Tests", "Tests", "{5E22CEDF-20BF-4814-B210-76518B0B16E7}"
EndProject
Project("{FAE04EC0-301F-11D3-BF4B-00C04F79EFBC}") = "GymCRM.IdentityAPI.Tests", "GymCRM.IdentityAPI.Tests\GymCRM.IdentityAPI.Tests.csproj", "{EEDB9293-A623-4E51-9A20-6FA49E9566BD}"
EndProject
Project("{FAE04EC0-301F-11D3-BF4B-00C04F79EFBC}") = "GymCRM.SchedulingAPI.Tests", "GymCRM.SchedulingAPI.Tests\GymCRM.SchedulingAPI.Tests.csproj", "{3D55FE90-C364-47B0-90DB-2BFFB76C37B9}"
EndProject
Project("{FAE04EC0-301F-11D3-BF4B-00C04F79EFBC}") = "GymCRM.Shared", "GymCRM.Shared\GymCRM.Shared.csproj", "{935871B9-73A6-423B-8B6A-023702AF7A14}"
EndProject
Project("{FAE04EC0-301F-11D3-BF4B-00C04F79EFBC}") = "GymCRM.Api", "GymCRM.Api\GymCRM.Api.csproj", "{2654C93D-CF2C-42FF-82E2-CEDE01C95EBD}"
EndProject
Global
	GlobalSection(SolutionConfigurationPlatforms) = preSolution
		Debug|Any CPU = Debug|Any CPU
		Debug|x64 = Debug|x64
		Debug|x86 = Debug|x86
		Release|Any CPU = Release|Any CPU
		Release|x64 = Release|x64
		Release|x86 = Release|x86
	EndGlobalSection
	GlobalSection(ProjectConfigurationPlatforms) = postSolution
		{284F8697-1677-4FAF-BC37-19B4D8451D37}.Debug|Any CPU.ActiveCfg = Debug|Any CPU
		{284F8697-1677-4FAF-BC37-19B4D8451D37}.Debug|Any CPU.Build.0 = Debug|Any CPU
		{284F8697-1677-4FAF-BC37-19B4D8451D37}.Debug|x64.ActiveCfg = Debug|Any CPU
		{284F8697-1677-4FAF-BC37-19B4D8451D37}.Debug|x64.Build.0 = Debug|Any CPU
		{284F8697-1677-4FAF-BC37-19B4D8451D37}.Debug|x86.ActiveCfg = Debug|Any CPU
		{284F8697-1677-4FAF-BC37-19B4D8451D37}.Debug|x86.Build.0 = Debug|Any CPU
		{284F8697-1677-4FAF-BC37-19B4D8451D37}.Release|Any CPU.ActiveCfg = Release|Any CPU
		{284F8697-1677-4FAF-BC37-19B4D8451D37}.Release|Any CPU.Build.0 = Release|Any CPU
		{284F8697-1677-4FAF-BC37-19B4D8451D37}.Release|x64.ActiveCfg = Release|Any CPU
		{284F8697-1677-4FAF-BC37-19B4D8451D37}.Release|x64.Build.0 = Release|Any CPU
		{284F8697-1677-4FAF-BC37-19B4D8451D37}.Release|x86.ActiveCfg = Release|Any CPU
		{284F8697-1677-4FAF-BC37-19B4D8451D37}.Release|x86.Build.0 = Release|Any CPU
		{A3E3E46E-BA2E-4E50-981A-4E33941B3A22}.Debug|Any CPU.ActiveCfg = Debug|Any CPU
		{A3E3E46E-BA2E-4E50-981A-4E33941B3A22}.Debug|Any CPU.Build.0 = Debug|Any CPU
		{A3E3E46E-BA2E-4E50-981A-4E33941B3A22}.Debug|x64.ActiveCfg = Debug|Any CPU
		{A3E3E46E-BA2E-4E50-981A-4E33941B3A22}.Debug|x64.Build.0 = Debug|Any CPU
		{A3E3E46E-BA2E-4E50-981A-4E33941B3A22}.Debug|x86.ActiveCfg = Debug|Any CPU
		{A3E3E46E-BA2E-4E50-981A-4E33941B3A22}.Debug|x86.Build.0 = Debug|Any CPU
		{A3E3E46E-BA2E-4E50-981A-4E33941B3A22}.Release|Any CPU.ActiveCfg = Release|Any CPU
		{A3E3E46E-BA2E-4E50-981A-4E33941B3A22}.Release|Any CPU.Build.0 = Release|Any CPU
		{A3E3E46E-BA2E-4E50-981A-4E33941B3A22}.Release|x64.ActiveCfg = Release|Any CPU
		{A3E3E46E-BA2E-4E50-981A-4E33941B3A22}.Release|x64.Build.0 = Release|Any CPU
		{A3E3E46E-BA2E-4E50-981A-4E33941B3A22}.Release|x86.ActiveCfg = Release|Any CPU
		{A3E3E46E-BA2E-4E50-981A-4E33941B3A22}.Release|x86.Build.0 = Release|Any CPU
		{BB1CA203-F0DF-4AB9-A84A-C7C9EB3566A6}.Debug|Any CPU.ActiveCfg = Debug|Any CPU
		{BB1CA203-F0DF-4AB9-A84A-C7C9EB3566A6}.Debug|Any CPU.Build.0 = Debug|Any CPU
		{BB1CA203-F0DF-4AB9-A84A-C7C9EB3566A6}.Debug|x64.ActiveCfg = Debug|Any CPU
		{BB1CA203-F0DF-4AB9-A84A-C7C9EB3566A6}.Debug|x64.Build.0 = Debug|Any CPU
		{BB1CA203-F0DF-4AB9-A84A-C7C9EB3566A6}.Debug|x86.ActiveCfg = Debug|Any CPU
		{BB1CA203-F0DF-4AB9-A84A-C7C9EB3566A6}.Debug|x86.Build.0 = Debug|Any CPU
		{BB1CA203-F0DF-4AB9-A84A-C7C9EB3566A6}.Release|Any CPU.ActiveCfg = Release|Any CPU
		{BB1CA203-F0DF-4AB9-A84A-C7C9EB3566A6}.Release|Any CPU.Build.0 = Release|Any CPU
		{BB1CA203-F0DF-4AB9-A84A-C7C9EB3566A6}.Release|x64.ActiveCfg = Release|Any CPU
		{BB1CA203-F0DF-4AB9-A84A-C7C9EB3566A6}.Release|x64.Build.0 = Release|Any CPU
		{BB1CA203-F0DF-4AB9-A84A-C7C9EB3566A6}.Release|x86.ActiveCfg = Release|Any CPU
		{BB1CA203-F0DF-4AB9-A84A-C7C9EB3566A6}.Release|x86.Build.0 = Release|Any CPU
		{C71B7DF3-3E8D-490B-9ADD-C1F4E9BAE990}.Debug|Any CPU.ActiveCfg = Debug|Any CPU
		{C71B7DF3-3E8D-490B-9ADD-C1F4E9BAE990}.Debug|Any CPU.Build.0 = Debug|Any CPU
		{C71B7DF3-3E8D-490B-9ADD-C1F4E9BAE990}.Debug|x64.ActiveCfg = Debug|Any CPU
		{C71B7DF3-3E8D-490B-9ADD-C1F4E9BAE990}.Debug|x64.Build.0 = Debug|Any CPU
		{C71B7DF3-3E8D-490B-9ADD-C1F4E9BAE990}.Debug|x86.ActiveCfg = Debug|Any CPU
		{C71B7DF3-3E8D-490B-9ADD-C1F4E9BAE990}.Debug|x86.Build.0 = Debug|Any CPU
		{C71B7DF3-3E8D-490B-9ADD-C1F4E9BAE990}.Release|Any CPU.ActiveCfg = Release|Any CPU
		{C71B7DF3-3E8D-490B-9ADD-C1F4E9BAE990}.Release|Any CPU.Build.0 = Release|Any CPU
		{C71B7DF3-3E8D-490B-9ADD-C1F4E9BAE990}.Release|x64.ActiveCfg = Release|Any CPU
		{C71B7DF3-3E8D-490B-9ADD-C1F4E9BAE990}.Release|x64.Build.0 = Release|Any CPU
		{C71B7DF3-3E8D-490B-9ADD-C1F4E9BAE990}.Release|x86.ActiveCfg = Release|Any CPU
		{C71B7DF3-3E8D-490B-9ADD-C1F4E9BAE990}.Release|x86.Build.0 = Release|Any CPU
		{FBEAE982-5565-490E-9413-CCB691362073}.Debug|Any CPU.ActiveCfg = Debug|Any CPU
		{FBEAE982-5565-490E-9413-CCB691362073}.Debug|Any CPU.Build.0 = Debug|Any CPU
		{FBEAE982-5565-490E-9413-CCB691362073}.Debug|x64.ActiveCfg = Debug|Any CPU
		{FBEAE982-5565-490E-9413-CCB691362073}.Debug|x64.Build.0 = Debug|Any CPU
		{FBEAE982-5565-490E-9413-CCB691362073}.Debug|x86.ActiveCfg = Debug|Any CPU
		{FBEAE982-5565-490E-9413-CCB691362073}.Debug|x86.Build.0 = Debug|Any CPU
		{FBEAE982-5565-490E-9413-CCB691362073}.Release|Any CPU.ActiveCfg = Release|Any CPU
		{FBEAE982-5565-490E-9413-CCB691362073}.Release|Any CPU.Build.0 = Release|Any CPU
		{FBEAE982-5565-490E-9413-CCB691362073}.Release|x64.ActiveCfg = Release|Any CPU
		{FBEAE982-5565-490E-9413-CCB691362073}.Release|x64.Build.0 = Release|Any CPU
		{FBEAE982-5565-490E-9413-CCB691362073}.Release|x86.ActiveCfg = Release|Any CPU
		{FBEAE982-5565-490E-9413-CCB691362073}.Release|x86.Build.0 = Release|Any CPU
		{0249A8E7-575B-404E-AAEB-B34A9D28E498}.Debug|Any CPU.ActiveCfg = Debug|Any CPU
		{0249A8E7-575B-404E-AAEB-B34A9D28E498}.Debug|Any CPU.Build.0 = Debug|Any CPU
		{0249A8E7-575B-404E-AAEB-B34A9D28E498}.Debug|x64.ActiveCfg = Debug|Any CPU
		{0249A8E7-575B-404E-AAEB-B34A9D28E498}.Debug|x64.Build.0 = Debug|Any CPU
		{0249A8E7-575B-404E-AAEB-B34A9D28E498}.Debug|x86.ActiveCfg = Debug|Any CPU
		{0249A8E7-575B-404E-AAEB-B34A9D28E498}.Debug|x86.Build.0 = Debug|Any CPU
		{0249A8E7-575B-404E-AAEB-B34A9D28E498}.Release|Any CPU.ActiveCfg = Release|Any CPU
		{0249A8E7-575B-404E-AAEB-B34A9D28E498}.Release|Any CPU.Build.0 = Release|Any CPU
		{0249A8E7-575B-404E-AAEB-B34A9D28E498}.Release|x64.ActiveCfg = Release|Any CPU
		{0249A8E7-575B-404E-AAEB-B34A9D28E498}.Release|x64.Build.0 = Release|Any CPU
		{0249A8E7-575B-404E-AAEB-B34A9D28E498}.Release|x86.ActiveCfg = Release|Any CPU
		{0249A8E7-575B-404E-AAEB-B34A9D28E498}.Release|x86.Build.0 = Release|Any CPU
		{EEDB9293-A623-4E51-9A20-6FA49E9566BD}.Debug|Any CPU.ActiveCfg = Debug|Any CPU
		{EEDB9293-A623-4E51-9A20-6FA49E9566BD}.Debug|Any CPU.Build.0 = Debug|Any CPU
		{EEDB9293-A623-4E51-9A20-6FA49E9566BD}.Debug|x64.ActiveCfg = Debug|Any CPU
		{EEDB9293-A623-4E51-9A20-6FA49E9566BD}.Debug|x64.Build.0 = Debug|Any CPU
		{EEDB9293-A623-4E51-9A20-6FA49E9566BD}.Debug|x86.ActiveCfg = Debug|Any CPU
		{EEDB9293-A623-4E51-9A20-6FA49E9566BD}.Debug|x86.Build.0 = Debug|Any CPU
		{EEDB9293-A623-4E51-9A20-6FA49E9566BD}.Release|Any CPU.ActiveCfg = Release|Any CPU
		{EEDB9293-A623-4E51-9A20-6FA49E9566BD}.Release|Any CPU.Build.0 = Release|Any CPU
		{EEDB9293-A623-4E51-9A20-6FA49E9566BD}.Release|x64.ActiveCfg = Release|Any CPU
		{EEDB9293-A623-4E51-9A20-6FA49E9566BD}.Release|x64.Build.0 = Release|Any CPU
		{EEDB9293-A623-4E51-9A20-6FA49E9566BD}.Release|x86.ActiveCfg = Release|Any CPU
		{EEDB9293-A623-4E51-9A20-6FA49E9566BD}.Release|x86.Build.0 = Release|Any CPU
		{3D55FE90-C364-47B0-90DB-2BFFB76C37B9}.Debug|Any CPU.ActiveCfg = Debug|Any CPU
		{3D55FE90-C364-47B0-90DB-2BFFB76C37B9}.Debug|Any CPU.Build.0 = Debug|Any CPU
		{3D55FE90-C364-47B0-90DB-2BFFB76C37B9}.Debug|x64.ActiveCfg = Debug|Any CPU
		{3D55FE90-C364-47B0-90DB-2BFFB76C37B9}.Debug|x64.Build.0 = Debug|Any CPU
		{3D55FE90-C364-47B0-90DB-2BFFB76C37B9}.Debug|x86.ActiveCfg = Debug|Any CPU
		{3D55FE90-C364-47B0-90DB-2BFFB76C37B9}.Debug|x86.Build.0 = Debug|Any CPU
		{3D55FE90-C364-47B0-90DB-2BFFB76C37B9}.Release|Any CPU.ActiveCfg = Release|Any CPU
		{3D55FE90-C364-47B0-90DB-2BFFB76C37B9}.Release|Any CPU.Build.0 = Release|Any CPU
		{3D55FE90-C364-47B0-90DB-2BFFB76C37B9}.Release|x64.ActiveCfg = Release|Any CPU
		{3D55FE90-C364-47B0-90DB-2BFFB76C37B9}.Release|x64.Build.0 = Release|Any CPU
		{3D55FE90-C364-47B0-90DB-2BFFB76C37B9}.Release|x86.ActiveCfg = Release|Any CPU
		{3D55FE90-C364-47B0-90DB-2BFFB76C37B9}.Release|x86.Build.0 = Release|Any CPU
		{935871B9-73A6-423B-8B6A-023702AF7A14}.Debug|Any CPU.ActiveCfg = Debug|Any CPU
		{935871B9-73A6-423B-8B6A-023702AF7A14}.Debug|Any CPU.Build.0 = Debug|Any CPU
		{935871B9-73A6-423B-8B6A-023702AF7A14}.Debug|x64.ActiveCfg = Debug|Any CPU
		{935871B9-73A6-423B-8B6A-023702AF7A14}.Debug|x64.Build.0 = Debug|Any CPU
		{935871B9-73A6-423B-8B6A-023702AF7A14}.Debug|x86.ActiveCfg = Debug|Any CPU
		{935871B9-73A6-423B-8B6A-023702AF7A14}.Debug|x86.Build.0 = Debug|Any CPU
		{935871B9-73A6-423B-8B6A-023702AF7A14}.Release|Any CPU.ActiveCfg = Release|Any CPU
		{935871B9-73A6-423B-8B6A-023702AF7A14}.Release|Any CPU.Build.0 = Release|Any CPU
		{935871B9-73A6-423B-8B6A-023702AF7A14}.Release|x64.ActiveCfg = Release|Any CPU
		{935871B9-73A6-423B-8B6A-023702AF7A14}.Release|x64.Build.0 = Release|Any CPU
		{935871B9-73A6-423B-8B6A-023702AF7A14}.Release|x86.ActiveCfg = Release|Any CPU
		{935871B9-73A6-423B-8B6A-023702AF7A14}.Release|x86.Build.0 = Release|Any CPU
		{2654C93D-CF2C-42FF-82E2-CEDE01C95EBD}.Debug|Any CPU.ActiveCfg = Debug|Any CPU
		{2654C93D-CF2C-42FF-82E2-CEDE01C95EBD}.Debug|Any CPU.Build.0 = Debug|Any CPU
		{2654C93D-CF2C-42FF-82E2-CEDE01C95EBD}.Debug|x64.ActiveCfg = Debug|Any CPU
		{2654C93D-CF2C-42FF-82E2-CEDE01C95EBD}.Debug|x64.Build.0 = Debug|Any CPU
		{2654C93D-CF2C-42FF-82E2-CEDE01C95EBD}.Debug|x86.ActiveCfg = Debug|Any CPU
		{2654C93D-CF2C-42FF-82E2-CEDE01C95EBD}.Debug|x86.Build.0 = Debug|Any CPU
		{2654C93D-CF2C-42FF-82E2-CEDE01C95EBD}.Release|Any CPU.ActiveCfg = Release|Any CPU
		{2654C93D-CF2C-42FF-82E2-CEDE01C95EBD}.Release|Any CPU.Build.0 = Release|Any CPU
		{2654C93D-CF2C-42FF-82E2-CEDE01C95EBD}.Release|x64.ActiveCfg = Release|Any CPU
		{2654C93D-CF2C-42FF-82E2-CEDE01C95EBD}.Release|x64.Build.0 = Release|Any CPU
		{2654C93D-CF2C-42FF-82E2-CEDE01C95EBD}.Release|x86.ActiveCfg = Release|Any CPU
		{2654C93D-CF2C-42FF-82E2-CEDE01C95EBD}.Release|x86.Build.0 = Release|Any CPU
	EndGlobalSection
	GlobalSection(SolutionProperties) = preSolution
		HideSolutionNode = FALSE
	EndGlobalSection
	GlobalSection(NestedProjects) = preSolution
		{EEDB9293-A623-4E51-9A20-6FA49E9566BD} = {5E22CEDF-20BF-4814-B210-76518B0B16E7}
		{3D55FE90-C364-47B0-90DB-2BFFB76C37B9} = {5E22CEDF-20BF-4814-B210-76518B0B16E7}
	EndGlobalSection
	GlobalSection(ExtensibilityGlobals) = postSolution
		SolutionGuid = {BF8D2F17-3A28-495B-93DD-C86E243F496E}
	EndGlobalSection
EndGlobal
